
Microsoft Visual Studio Solution File, Format Version 12.00
# Blend for Visual Studio Version 17
VisualStudioVersion = 17.10.34707.107
MinimumVisualStudioVersion = 10.0.40219.1
Project("{FAE04EC0-301F-11D3-BF4B-00C04F79EFBC}") = "ACGManager", "ACGManager\ACGManager.csproj", "{F1E32F71-2AEF-45C2-80CE-052CC66BA1F7}"
EndProject
Global
	GlobalSection(SolutionConfigurationPlatforms) = preSolution
		Debug|Any CPU = Debug|Any CPU
		Release|Any CPU = Release|Any CPU
	EndGlobalSection
	GlobalSection(ProjectConfigurationPlatforms) = postSolution
		{F1E32F71-2AEF-45C2-80CE-052CC66BA1F7}.Debug|Any CPU.ActiveCfg = Debug|Any CPU
		{F1E32F71-2AEF-45C2-80CE-052CC66BA1F7}.Debug|Any CPU.Build.0 = Debug|Any CPU
		{F1E32F71-2AEF-45C2-80CE-052CC66BA1F7}.Release|Any CPU.ActiveCfg = Release|Any CPU
		{F1E32F71-2AEF-45C2-80CE-052CC66BA1F7}.Release|Any CPU.Build.0 = Release|Any CPU
	EndGlobalSection
	GlobalSection(SolutionProperties) = preSolution
		HideSolutionNode = FALSE
	EndGlobalSection
	GlobalSection(ExtensibilityGlobals) = postSolution
		SolutionGuid = {B4663849-A6A8-4243-98E5-1908748D742A}
	EndGlobalSection
EndGlobal
